// !$*UTF8*$!
{
	archiveVersion = 1;
	classes = {
	};
	objectVersion = 55;
	objects = {

/* Begin PBXBuildFile section */
		0E0B1FE628294A600035B3F4 /* TMDBDetailedMovieScreenPresenter.swift in Sources */ = {isa = PBXBuildFile; fileRef = 0E0B1FE528294A600035B3F4 /* TMDBDetailedMovieScreenPresenter.swift */; };
		0E2449132827D58D006B0271 /* TMDBInitialMoviesController.swift in Sources */ = {isa = PBXBuildFile; fileRef = 0E2449122827D58D006B0271 /* TMDBInitialMoviesController.swift */; };
		0E2449152827EACD006B0271 /* TMDBInitialMoviesCell.swift in Sources */ = {isa = PBXBuildFile; fileRef = 0E2449142827EACD006B0271 /* TMDBInitialMoviesCell.swift */; };
		0E24491728281902006B0271 /* TMDBMovieCell.swift in Sources */ = {isa = PBXBuildFile; fileRef = 0E24491628281902006B0271 /* TMDBMovieCell.swift */; };
		0E24491928282611006B0271 /* TMDBImageLoader.swift in Sources */ = {isa = PBXBuildFile; fileRef = 0E24491828282611006B0271 /* TMDBImageLoader.swift */; };
		0E24491B282858F2006B0271 /* TMDBInitialScreenSectionHeaderTitle.swift in Sources */ = {isa = PBXBuildFile; fileRef = 0E24491A282858F2006B0271 /* TMDBInitialScreenSectionHeaderTitle.swift */; };
		0E24491D282875BC006B0271 /* TMDBCoordinator.swift in Sources */ = {isa = PBXBuildFile; fileRef = 0E24491C282875BC006B0271 /* TMDBCoordinator.swift */; };
		0E24491F282876A3006B0271 /* TMDBMainCoordinator.swift in Sources */ = {isa = PBXBuildFile; fileRef = 0E24491E282876A3006B0271 /* TMDBMainCoordinator.swift */; };
		0E95B9F228227634002EF4CB /* AppDelegate.swift in Sources */ = {isa = PBXBuildFile; fileRef = 0E95B9F128227634002EF4CB /* AppDelegate.swift */; };
		0E95B9F428227634002EF4CB /* SceneDelegate.swift in Sources */ = {isa = PBXBuildFile; fileRef = 0E95B9F328227634002EF4CB /* SceneDelegate.swift */; };
		0E95B9F628227634002EF4CB /* TMDBDetailedMovieScreen.swift in Sources */ = {isa = PBXBuildFile; fileRef = 0E95B9F528227634002EF4CB /* TMDBDetailedMovieScreen.swift */; };
		0E95B9FB28227635002EF4CB /* Assets.xcassets in Resources */ = {isa = PBXBuildFile; fileRef = 0E95B9FA28227635002EF4CB /* Assets.xcassets */; };
		0E95B9FE28227635002EF4CB /* LaunchScreen.storyboard in Resources */ = {isa = PBXBuildFile; fileRef = 0E95B9FC28227635002EF4CB /* LaunchScreen.storyboard */; };
		0E95BA1328227635002EF4CB /* ExamUITests.swift in Sources */ = {isa = PBXBuildFile; fileRef = 0E95BA1228227635002EF4CB /* ExamUITests.swift */; };
		0E95BA1528227635002EF4CB /* ExamUITestsLaunchTests.swift in Sources */ = {isa = PBXBuildFile; fileRef = 0E95BA1428227635002EF4CB /* ExamUITestsLaunchTests.swift */; };
		0E95BA2228229841002EF4CB /* MovieApiResponse.swift in Sources */ = {isa = PBXBuildFile; fileRef = 0E95BA2128229841002EF4CB /* MovieApiResponse.swift */; };
		0E95BA2428229888002EF4CB /* Movie.swift in Sources */ = {isa = PBXBuildFile; fileRef = 0E95BA2328229888002EF4CB /* Movie.swift */; };
		0EA32F1428251A3400630B46 /* TMDBServiceError.swift in Sources */ = {isa = PBXBuildFile; fileRef = 0EA32F1328251A3400630B46 /* TMDBServiceError.swift */; };
		0EA32F1628251A7600630B46 /* TMDBServiceEndPoints.swift in Sources */ = {isa = PBXBuildFile; fileRef = 0EA32F1528251A7600630B46 /* TMDBServiceEndPoints.swift */; };
		0EA32F1828251ABC00630B46 /* TMDBNetworkingServiceProtocol.swift in Sources */ = {isa = PBXBuildFile; fileRef = 0EA32F1728251ABC00630B46 /* TMDBNetworkingServiceProtocol.swift */; };
		0EA32F1A28251B0500630B46 /* TMDBNetworkingService.swift in Sources */ = {isa = PBXBuildFile; fileRef = 0EA32F1928251B0500630B46 /* TMDBNetworkingService.swift */; };
		0EA32F1C28251B4700630B46 /* TMDBUtitlities.swift in Sources */ = {isa = PBXBuildFile; fileRef = 0EA32F1B28251B4700630B46 /* TMDBUtitlities.swift */; };
		0EA32F1E28251E6F00630B46 /* TMDBNetworkingServiceTests.swift in Sources */ = {isa = PBXBuildFile; fileRef = 0EA32F1D28251E6F00630B46 /* TMDBNetworkingServiceTests.swift */; };
		0EA32F2028251FF400630B46 /* MockUrlProtocol.swift in Sources */ = {isa = PBXBuildFile; fileRef = 0EA32F1F28251FF400630B46 /* MockUrlProtocol.swift */; };
		0EA32F222825206000630B46 /* movie_info.json in Resources */ = {isa = PBXBuildFile; fileRef = 0EA32F212825206000630B46 /* movie_info.json */; };
		0EA32F24282520B000630B46 /* movie_list.json in Resources */ = {isa = PBXBuildFile; fileRef = 0EA32F23282520B000630B46 /* movie_list.json */; };
		0EA32F262825211700630B46 /* search_movies.json in Resources */ = {isa = PBXBuildFile; fileRef = 0EA32F252825211700630B46 /* search_movies.json */; };
		0EA32F282825263E00630B46 /* TMDBCacheTests.swift in Sources */ = {isa = PBXBuildFile; fileRef = 0EA32F272825263E00630B46 /* TMDBCacheTests.swift */; };
		0EB24CF72826B62E00BF60E6 /* TMDBInitialScreenPresenterTests.swift in Sources */ = {isa = PBXBuildFile; fileRef = 0EB24CF62826B62E00BF60E6 /* TMDBInitialScreenPresenterTests.swift */; };
		0EB24CF92826B6ED00BF60E6 /* MockTMDBNetworkingService.swift in Sources */ = {isa = PBXBuildFile; fileRef = 0EB24CF82826B6ED00BF60E6 /* MockTMDBNetworkingService.swift */; };
		0EB24CFB2826BB6600BF60E6 /* TMDBInitialScreenPresenter.swift in Sources */ = {isa = PBXBuildFile; fileRef = 0EB24CFA2826BB6600BF60E6 /* TMDBInitialScreenPresenter.swift */; };
		0EB24CFD2826C9A600BF60E6 /* MockInitialScreenViewDelegate.swift in Sources */ = {isa = PBXBuildFile; fileRef = 0EB24CFC2826C9A600BF60E6 /* MockInitialScreenViewDelegate.swift */; };
		0EB24CFF2826EAF200BF60E6 /* TMDBInitialScreenViewDelegateProtocol.swift in Sources */ = {isa = PBXBuildFile; fileRef = 0EB24CFE2826EAF200BF60E6 /* TMDBInitialScreenViewDelegateProtocol.swift */; };
/* End PBXBuildFile section */

/* Begin PBXContainerItemProxy section */
		0E95BA0528227635002EF4CB /* PBXContainerItemProxy */ = {
			isa = PBXContainerItemProxy;
			containerPortal = 0E95B9E628227634002EF4CB /* Project object */;
			proxyType = 1;
			remoteGlobalIDString = 0E95B9ED28227634002EF4CB;
			remoteInfo = Exam;
		};
		0E95BA0F28227635002EF4CB /* PBXContainerItemProxy */ = {
			isa = PBXContainerItemProxy;
			containerPortal = 0E95B9E628227634002EF4CB /* Project object */;
			proxyType = 1;
			remoteGlobalIDString = 0E95B9ED28227634002EF4CB;
			remoteInfo = Exam;
		};
/* End PBXContainerItemProxy section */

/* Begin PBXFileReference section */
		0E0B1FE528294A600035B3F4 /* TMDBDetailedMovieScreenPresenter.swift */ = {isa = PBXFileReference; lastKnownFileType = sourcecode.swift; path = TMDBDetailedMovieScreenPresenter.swift; sourceTree = "<group>"; };
		0E2449122827D58D006B0271 /* TMDBInitialMoviesController.swift */ = {isa = PBXFileReference; lastKnownFileType = sourcecode.swift; path = TMDBInitialMoviesController.swift; sourceTree = "<group>"; };
		0E2449142827EACD006B0271 /* TMDBInitialMoviesCell.swift */ = {isa = PBXFileReference; lastKnownFileType = sourcecode.swift; path = TMDBInitialMoviesCell.swift; sourceTree = "<group>"; };
		0E24491628281902006B0271 /* TMDBMovieCell.swift */ = {isa = PBXFileReference; lastKnownFileType = sourcecode.swift; path = TMDBMovieCell.swift; sourceTree = "<group>"; };
		0E24491828282611006B0271 /* TMDBImageLoader.swift */ = {isa = PBXFileReference; lastKnownFileType = sourcecode.swift; path = TMDBImageLoader.swift; sourceTree = "<group>"; };
		0E24491A282858F2006B0271 /* TMDBInitialScreenSectionHeaderTitle.swift */ = {isa = PBXFileReference; lastKnownFileType = sourcecode.swift; path = TMDBInitialScreenSectionHeaderTitle.swift; sourceTree = "<group>"; };
		0E24491C282875BC006B0271 /* TMDBCoordinator.swift */ = {isa = PBXFileReference; lastKnownFileType = sourcecode.swift; path = TMDBCoordinator.swift; sourceTree = "<group>"; };
		0E24491E282876A3006B0271 /* TMDBMainCoordinator.swift */ = {isa = PBXFileReference; lastKnownFileType = sourcecode.swift; path = TMDBMainCoordinator.swift; sourceTree = "<group>"; };
		0E95B9EE28227634002EF4CB /* Exam.app */ = {isa = PBXFileReference; explicitFileType = wrapper.application; includeInIndex = 0; path = Exam.app; sourceTree = BUILT_PRODUCTS_DIR; };
		0E95B9F128227634002EF4CB /* AppDelegate.swift */ = {isa = PBXFileReference; lastKnownFileType = sourcecode.swift; path = AppDelegate.swift; sourceTree = "<group>"; };
		0E95B9F328227634002EF4CB /* SceneDelegate.swift */ = {isa = PBXFileReference; lastKnownFileType = sourcecode.swift; path = SceneDelegate.swift; sourceTree = "<group>"; };
		0E95B9F528227634002EF4CB /* TMDBDetailedMovieScreen.swift */ = {isa = PBXFileReference; lastKnownFileType = sourcecode.swift; path = TMDBDetailedMovieScreen.swift; sourceTree = "<group>"; };
		0E95B9FA28227635002EF4CB /* Assets.xcassets */ = {isa = PBXFileReference; lastKnownFileType = folder.assetcatalog; path = Assets.xcassets; sourceTree = "<group>"; };
		0E95B9FD28227635002EF4CB /* Base */ = {isa = PBXFileReference; lastKnownFileType = file.storyboard; name = Base; path = Base.lproj/LaunchScreen.storyboard; sourceTree = "<group>"; };
		0E95B9FF28227635002EF4CB /* Info.plist */ = {isa = PBXFileReference; lastKnownFileType = text.plist.xml; path = Info.plist; sourceTree = "<group>"; };
		0E95BA0428227635002EF4CB /* ExamTests.xctest */ = {isa = PBXFileReference; explicitFileType = wrapper.cfbundle; includeInIndex = 0; path = ExamTests.xctest; sourceTree = BUILT_PRODUCTS_DIR; };
		0E95BA0E28227635002EF4CB /* ExamUITests.xctest */ = {isa = PBXFileReference; explicitFileType = wrapper.cfbundle; includeInIndex = 0; path = ExamUITests.xctest; sourceTree = BUILT_PRODUCTS_DIR; };
		0E95BA1228227635002EF4CB /* ExamUITests.swift */ = {isa = PBXFileReference; lastKnownFileType = sourcecode.swift; path = ExamUITests.swift; sourceTree = "<group>"; };
		0E95BA1428227635002EF4CB /* ExamUITestsLaunchTests.swift */ = {isa = PBXFileReference; lastKnownFileType = sourcecode.swift; path = ExamUITestsLaunchTests.swift; sourceTree = "<group>"; };
		0E95BA2128229841002EF4CB /* MovieApiResponse.swift */ = {isa = PBXFileReference; lastKnownFileType = sourcecode.swift; path = MovieApiResponse.swift; sourceTree = "<group>"; };
		0E95BA2328229888002EF4CB /* Movie.swift */ = {isa = PBXFileReference; lastKnownFileType = sourcecode.swift; path = Movie.swift; sourceTree = "<group>"; };
		0EA32F1328251A3400630B46 /* TMDBServiceError.swift */ = {isa = PBXFileReference; lastKnownFileType = sourcecode.swift; path = TMDBServiceError.swift; sourceTree = "<group>"; };
		0EA32F1528251A7600630B46 /* TMDBServiceEndPoints.swift */ = {isa = PBXFileReference; lastKnownFileType = sourcecode.swift; path = TMDBServiceEndPoints.swift; sourceTree = "<group>"; };
		0EA32F1728251ABC00630B46 /* TMDBNetworkingServiceProtocol.swift */ = {isa = PBXFileReference; lastKnownFileType = sourcecode.swift; path = TMDBNetworkingServiceProtocol.swift; sourceTree = "<group>"; };
		0EA32F1928251B0500630B46 /* TMDBNetworkingService.swift */ = {isa = PBXFileReference; lastKnownFileType = sourcecode.swift; path = TMDBNetworkingService.swift; sourceTree = "<group>"; };
		0EA32F1B28251B4700630B46 /* TMDBUtitlities.swift */ = {isa = PBXFileReference; lastKnownFileType = sourcecode.swift; path = TMDBUtitlities.swift; sourceTree = "<group>"; };
		0EA32F1D28251E6F00630B46 /* TMDBNetworkingServiceTests.swift */ = {isa = PBXFileReference; lastKnownFileType = sourcecode.swift; path = TMDBNetworkingServiceTests.swift; sourceTree = "<group>"; };
		0EA32F1F28251FF400630B46 /* MockUrlProtocol.swift */ = {isa = PBXFileReference; lastKnownFileType = sourcecode.swift; path = MockUrlProtocol.swift; sourceTree = "<group>"; };
		0EA32F212825206000630B46 /* movie_info.json */ = {isa = PBXFileReference; lastKnownFileType = text.json; path = movie_info.json; sourceTree = "<group>"; };
		0EA32F23282520B000630B46 /* movie_list.json */ = {isa = PBXFileReference; lastKnownFileType = text.json; path = movie_list.json; sourceTree = "<group>"; };
		0EA32F252825211700630B46 /* search_movies.json */ = {isa = PBXFileReference; lastKnownFileType = text.json; path = search_movies.json; sourceTree = "<group>"; };
		0EA32F272825263E00630B46 /* TMDBCacheTests.swift */ = {isa = PBXFileReference; lastKnownFileType = sourcecode.swift; path = TMDBCacheTests.swift; sourceTree = "<group>"; };
		0EB24CF62826B62E00BF60E6 /* TMDBInitialScreenPresenterTests.swift */ = {isa = PBXFileReference; lastKnownFileType = sourcecode.swift; path = TMDBInitialScreenPresenterTests.swift; sourceTree = "<group>"; };
		0EB24CF82826B6ED00BF60E6 /* MockTMDBNetworkingService.swift */ = {isa = PBXFileReference; lastKnownFileType = sourcecode.swift; path = MockTMDBNetworkingService.swift; sourceTree = "<group>"; };
		0EB24CFA2826BB6600BF60E6 /* TMDBInitialScreenPresenter.swift */ = {isa = PBXFileReference; lastKnownFileType = sourcecode.swift; path = TMDBInitialScreenPresenter.swift; sourceTree = "<group>"; };
		0EB24CFC2826C9A600BF60E6 /* MockInitialScreenViewDelegate.swift */ = {isa = PBXFileReference; lastKnownFileType = sourcecode.swift; path = MockInitialScreenViewDelegate.swift; sourceTree = "<group>"; };
		0EB24CFE2826EAF200BF60E6 /* TMDBInitialScreenViewDelegateProtocol.swift */ = {isa = PBXFileReference; lastKnownFileType = sourcecode.swift; path = TMDBInitialScreenViewDelegateProtocol.swift; sourceTree = "<group>"; };
/* End PBXFileReference section */

/* Begin PBXFrameworksBuildPhase section */
		0E95B9EB28227634002EF4CB /* Frameworks */ = {
			isa = PBXFrameworksBuildPhase;
			buildActionMask = 2147483647;
			files = (
			);
			runOnlyForDeploymentPostprocessing = 0;
		};
		0E95BA0128227635002EF4CB /* Frameworks */ = {
			isa = PBXFrameworksBuildPhase;
			buildActionMask = 2147483647;
			files = (
			);
			runOnlyForDeploymentPostprocessing = 0;
		};
		0E95BA0B28227635002EF4CB /* Frameworks */ = {
			isa = PBXFrameworksBuildPhase;
			buildActionMask = 2147483647;
			files = (
			);
			runOnlyForDeploymentPostprocessing = 0;
		};
/* End PBXFrameworksBuildPhase section */

/* Begin PBXGroup section */
		0E0B1FDF2829480F0035B3F4 /* Networking */ = {
			isa = PBXGroup;
			children = (
				0EA32F1328251A3400630B46 /* TMDBServiceError.swift */,
				0EA32F1528251A7600630B46 /* TMDBServiceEndPoints.swift */,
				0EA32F1728251ABC00630B46 /* TMDBNetworkingServiceProtocol.swift */,
				0EA32F1928251B0500630B46 /* TMDBNetworkingService.swift */,
			);
			path = Networking;
			sourceTree = "<group>";
		};
		0E0B1FE0282948750035B3F4 /* Utilities */ = {
			isa = PBXGroup;
			children = (
				0EA32F1B28251B4700630B46 /* TMDBUtitlities.swift */,
				0E24491828282611006B0271 /* TMDBImageLoader.swift */,
			);
			path = Utilities;
			sourceTree = "<group>";
		};
		0E0B1FE1282948970035B3F4 /* InitialScreen */ = {
			isa = PBXGroup;
			children = (
				0E0B1FE3282948C50035B3F4 /* Controllers */,
				0E0B1FE2282948BB0035B3F4 /* Views */,
				0E0B1FE4282948CF0035B3F4 /* Presenter */,
			);
			path = InitialScreen;
			sourceTree = "<group>";
		};
		0E0B1FE2282948BB0035B3F4 /* Views */ = {
			isa = PBXGroup;
			children = (
				0E24491A282858F2006B0271 /* TMDBInitialScreenSectionHeaderTitle.swift */,
				0E24491628281902006B0271 /* TMDBMovieCell.swift */,
			);
			path = Views;
			sourceTree = "<group>";
		};
		0E0B1FE3282948C50035B3F4 /* Controllers */ = {
			isa = PBXGroup;
			children = (
				0E2449122827D58D006B0271 /* TMDBInitialMoviesController.swift */,
				0E2449142827EACD006B0271 /* TMDBInitialMoviesCell.swift */,
				0EB24CFE2826EAF200BF60E6 /* TMDBInitialScreenViewDelegateProtocol.swift */,
			);
			path = Controllers;
			sourceTree = "<group>";
		};
		0E0B1FE4282948CF0035B3F4 /* Presenter */ = {
			isa = PBXGroup;
			children = (
				0EB24CFA2826BB6600BF60E6 /* TMDBInitialScreenPresenter.swift */,
			);
			path = Presenter;
			sourceTree = "<group>";
		};
		0E0B1FE7282966630035B3F4 /* Coordinator */ = {
			isa = PBXGroup;
			children = (
				0E24491C282875BC006B0271 /* TMDBCoordinator.swift */,
				0E24491E282876A3006B0271 /* TMDBMainCoordinator.swift */,
			);
			path = Coordinator;
			sourceTree = "<group>";
		};
		0E0B1FE82829666F0035B3F4 /* DetailedScreen */ = {
			isa = PBXGroup;
			children = (
				0E95B9F528227634002EF4CB /* TMDBDetailedMovieScreen.swift */,
				0E0B1FE528294A600035B3F4 /* TMDBDetailedMovieScreenPresenter.swift */,
			);
			path = DetailedScreen;
			sourceTree = "<group>";
		};
		0E0B1FE9282966870035B3F4 /* FakeResponses */ = {
			isa = PBXGroup;
			children = (
				0EA32F212825206000630B46 /* movie_info.json */,
				0EA32F23282520B000630B46 /* movie_list.json */,
				0EA32F252825211700630B46 /* search_movies.json */,
			);
			path = FakeResponses;
			sourceTree = "<group>";
		};
		0E0B1FEA282966A10035B3F4 /* MockObjects */ = {
			isa = PBXGroup;
			children = (
				0EA32F1F28251FF400630B46 /* MockUrlProtocol.swift */,
				0EB24CF82826B6ED00BF60E6 /* MockTMDBNetworkingService.swift */,
				0EB24CFC2826C9A600BF60E6 /* MockInitialScreenViewDelegate.swift */,
			);
			path = MockObjects;
			sourceTree = "<group>";
		};
		0E95B9E528227634002EF4CB = {
			isa = PBXGroup;
			children = (
				0E95B9F028227634002EF4CB /* Exam */,
				0E95BA0728227635002EF4CB /* ExamTests */,
				0E95BA1128227635002EF4CB /* ExamUITests */,
				0E95B9EF28227634002EF4CB /* Products */,
			);
			sourceTree = "<group>";
		};
		0E95B9EF28227634002EF4CB /* Products */ = {
			isa = PBXGroup;
			children = (
				0E95B9EE28227634002EF4CB /* Exam.app */,
				0E95BA0428227635002EF4CB /* ExamTests.xctest */,
				0E95BA0E28227635002EF4CB /* ExamUITests.xctest */,
			);
			name = Products;
			sourceTree = "<group>";
		};
		0E95B9F028227634002EF4CB /* Exam */ = {
			isa = PBXGroup;
			children = (
				0E95B9F128227634002EF4CB /* AppDelegate.swift */,
				0E95B9F328227634002EF4CB /* SceneDelegate.swift */,
				0E0B1FE82829666F0035B3F4 /* DetailedScreen */,
				0E0B1FE7282966630035B3F4 /* Coordinator */,
				0E0B1FE1282948970035B3F4 /* InitialScreen */,
				0E0B1FDF2829480F0035B3F4 /* Networking */,
				0E0B1FE0282948750035B3F4 /* Utilities */,
				0E95BA2528229994002EF4CB /* Models */,
				0E95B9FA28227635002EF4CB /* Assets.xcassets */,
				0E95B9FC28227635002EF4CB /* LaunchScreen.storyboard */,
				0E95B9FF28227635002EF4CB /* Info.plist */,
			);
			path = Exam;
			sourceTree = "<group>";
		};
		0E95BA0728227635002EF4CB /* ExamTests */ = {
			isa = PBXGroup;
			children = (
				0EA32F1D28251E6F00630B46 /* TMDBNetworkingServiceTests.swift */,
				0EB24CF62826B62E00BF60E6 /* TMDBInitialScreenPresenterTests.swift */,
				0EA32F272825263E00630B46 /* TMDBCacheTests.swift */,
				0E0B1FEA282966A10035B3F4 /* MockObjects */,
				0E0B1FE9282966870035B3F4 /* FakeResponses */,
			);
			path = ExamTests;
			sourceTree = "<group>";
		};
		0E95BA1128227635002EF4CB /* ExamUITests */ = {
			isa = PBXGroup;
			children = (
				0E95BA1228227635002EF4CB /* ExamUITests.swift */,
				0E95BA1428227635002EF4CB /* ExamUITestsLaunchTests.swift */,
			);
			path = ExamUITests;
			sourceTree = "<group>";
		};
		0E95BA2528229994002EF4CB /* Models */ = {
			isa = PBXGroup;
			children = (
				0E95BA2128229841002EF4CB /* MovieApiResponse.swift */,
				0E95BA2328229888002EF4CB /* Movie.swift */,
			);
			path = Models;
			sourceTree = "<group>";
		};
/* End PBXGroup section */

/* Begin PBXNativeTarget section */
		0E95B9ED28227634002EF4CB /* Exam */ = {
			isa = PBXNativeTarget;
			buildConfigurationList = 0E95BA1828227635002EF4CB /* Build configuration list for PBXNativeTarget "Exam" */;
			buildPhases = (
				0E95B9EA28227634002EF4CB /* Sources */,
				0E95B9EB28227634002EF4CB /* Frameworks */,
				0E95B9EC28227634002EF4CB /* Resources */,
			);
			buildRules = (
			);
			dependencies = (
			);
			name = Exam;
			productName = Exam;
			productReference = 0E95B9EE28227634002EF4CB /* Exam.app */;
			productType = "com.apple.product-type.application";
		};
		0E95BA0328227635002EF4CB /* ExamTests */ = {
			isa = PBXNativeTarget;
			buildConfigurationList = 0E95BA1B28227635002EF4CB /* Build configuration list for PBXNativeTarget "ExamTests" */;
			buildPhases = (
				0E95BA0028227635002EF4CB /* Sources */,
				0E95BA0128227635002EF4CB /* Frameworks */,
				0E95BA0228227635002EF4CB /* Resources */,
			);
			buildRules = (
			);
			dependencies = (
				0E95BA0628227635002EF4CB /* PBXTargetDependency */,
			);
			name = ExamTests;
			productName = ExamTests;
			productReference = 0E95BA0428227635002EF4CB /* ExamTests.xctest */;
			productType = "com.apple.product-type.bundle.unit-test";
		};
		0E95BA0D28227635002EF4CB /* ExamUITests */ = {
			isa = PBXNativeTarget;
			buildConfigurationList = 0E95BA1E28227635002EF4CB /* Build configuration list for PBXNativeTarget "ExamUITests" */;
			buildPhases = (
				0E95BA0A28227635002EF4CB /* Sources */,
				0E95BA0B28227635002EF4CB /* Frameworks */,
				0E95BA0C28227635002EF4CB /* Resources */,
			);
			buildRules = (
			);
			dependencies = (
				0E95BA1028227635002EF4CB /* PBXTargetDependency */,
			);
			name = ExamUITests;
			productName = ExamUITests;
			productReference = 0E95BA0E28227635002EF4CB /* ExamUITests.xctest */;
			productType = "com.apple.product-type.bundle.ui-testing";
		};
/* End PBXNativeTarget section */

/* Begin PBXProject section */
		0E95B9E628227634002EF4CB /* Project object */ = {
			isa = PBXProject;
			attributes = {
				BuildIndependentTargetsInParallel = 1;
				LastSwiftUpdateCheck = 1330;
				LastUpgradeCheck = 1330;
				TargetAttributes = {
					0E95B9ED28227634002EF4CB = {
						CreatedOnToolsVersion = 13.3;
					};
					0E95BA0328227635002EF4CB = {
						CreatedOnToolsVersion = 13.3;
						TestTargetID = 0E95B9ED28227634002EF4CB;
					};
					0E95BA0D28227635002EF4CB = {
						CreatedOnToolsVersion = 13.3;
						TestTargetID = 0E95B9ED28227634002EF4CB;
					};
				};
			};
			buildConfigurationList = 0E95B9E928227634002EF4CB /* Build configuration list for PBXProject "Exam" */;
			compatibilityVersion = "Xcode 13.0";
			developmentRegion = en;
			hasScannedForEncodings = 0;
			knownRegions = (
				en,
				Base,
			);
			mainGroup = 0E95B9E528227634002EF4CB;
			productRefGroup = 0E95B9EF28227634002EF4CB /* Products */;
			projectDirPath = "";
			projectRoot = "";
			targets = (
				0E95B9ED28227634002EF4CB /* Exam */,
				0E95BA0328227635002EF4CB /* ExamTests */,
				0E95BA0D28227635002EF4CB /* ExamUITests */,
			);
		};
/* End PBXProject section */

/* Begin PBXResourcesBuildPhase section */
		0E95B9EC28227634002EF4CB /* Resources */ = {
			isa = PBXResourcesBuildPhase;
			buildActionMask = 2147483647;
			files = (
				0E95B9FE28227635002EF4CB /* LaunchScreen.storyboard in Resources */,
				0E95B9FB28227635002EF4CB /* Assets.xcassets in Resources */,
			);
			runOnlyForDeploymentPostprocessing = 0;
		};
		0E95BA0228227635002EF4CB /* Resources */ = {
			isa = PBXResourcesBuildPhase;
			buildActionMask = 2147483647;
			files = (
				0EA32F262825211700630B46 /* search_movies.json in Resources */,
				0EA32F24282520B000630B46 /* movie_list.json in Resources */,
				0EA32F222825206000630B46 /* movie_info.json in Resources */,
			);
			runOnlyForDeploymentPostprocessing = 0;
		};
		0E95BA0C28227635002EF4CB /* Resources */ = {
			isa = PBXResourcesBuildPhase;
			buildActionMask = 2147483647;
			files = (
			);
			runOnlyForDeploymentPostprocessing = 0;
		};
/* End PBXResourcesBuildPhase section */

/* Begin PBXSourcesBuildPhase section */
		0E95B9EA28227634002EF4CB /* Sources */ = {
			isa = PBXSourcesBuildPhase;
			buildActionMask = 2147483647;
			files = (
				0E95B9F628227634002EF4CB /* TMDBDetailedMovieScreen.swift in Sources */,
				0E2449152827EACD006B0271 /* TMDBInitialMoviesCell.swift in Sources */,
				0E95BA2228229841002EF4CB /* MovieApiResponse.swift in Sources */,
				0E95B9F228227634002EF4CB /* AppDelegate.swift in Sources */,
				0E24491B282858F2006B0271 /* TMDBInitialScreenSectionHeaderTitle.swift in Sources */,
				0E2449132827D58D006B0271 /* TMDBInitialMoviesController.swift in Sources */,
				0EA32F1628251A7600630B46 /* TMDBServiceEndPoints.swift in Sources */,
				0E24491928282611006B0271 /* TMDBImageLoader.swift in Sources */,
				0E24491D282875BC006B0271 /* TMDBCoordinator.swift in Sources */,
				0EB24CFF2826EAF200BF60E6 /* TMDBInitialScreenViewDelegateProtocol.swift in Sources */,
				0EA32F1C28251B4700630B46 /* TMDBUtitlities.swift in Sources */,
				0EA32F1A28251B0500630B46 /* TMDBNetworkingService.swift in Sources */,
				0E24491728281902006B0271 /* TMDBMovieCell.swift in Sources */,
				0EA32F1428251A3400630B46 /* TMDBServiceError.swift in Sources */,
				0E24491F282876A3006B0271 /* TMDBMainCoordinator.swift in Sources */,
				0E95B9F428227634002EF4CB /* SceneDelegate.swift in Sources */,
				0E0B1FE628294A600035B3F4 /* TMDBDetailedMovieScreenPresenter.swift in Sources */,
				0EA32F1828251ABC00630B46 /* TMDBNetworkingServiceProtocol.swift in Sources */,
				0E95BA2428229888002EF4CB /* Movie.swift in Sources */,
				0EB24CFB2826BB6600BF60E6 /* TMDBInitialScreenPresenter.swift in Sources */,
			);
			runOnlyForDeploymentPostprocessing = 0;
		};
		0E95BA0028227635002EF4CB /* Sources */ = {
			isa = PBXSourcesBuildPhase;
			buildActionMask = 2147483647;
			files = (
				0EB24CF92826B6ED00BF60E6 /* MockTMDBNetworkingService.swift in Sources */,
				0EB24CF72826B62E00BF60E6 /* TMDBInitialScreenPresenterTests.swift in Sources */,
				0EA32F2028251FF400630B46 /* MockUrlProtocol.swift in Sources */,
				0EA32F282825263E00630B46 /* TMDBCacheTests.swift in Sources */,
				0EB24CFD2826C9A600BF60E6 /* MockInitialScreenViewDelegate.swift in Sources */,
				0EA32F1E28251E6F00630B46 /* TMDBNetworkingServiceTests.swift in Sources */,
			);
			runOnlyForDeploymentPostprocessing = 0;
		};
		0E95BA0A28227635002EF4CB /* Sources */ = {
			isa = PBXSourcesBuildPhase;
			buildActionMask = 2147483647;
			files = (
				0E95BA1328227635002EF4CB /* ExamUITests.swift in Sources */,
				0E95BA1528227635002EF4CB /* ExamUITestsLaunchTests.swift in Sources */,
			);
			runOnlyForDeploymentPostprocessing = 0;
		};
/* End PBXSourcesBuildPhase section */

/* Begin PBXTargetDependency section */
		0E95BA0628227635002EF4CB /* PBXTargetDependency */ = {
			isa = PBXTargetDependency;
			target = 0E95B9ED28227634002EF4CB /* Exam */;
			targetProxy = 0E95BA0528227635002EF4CB /* PBXContainerItemProxy */;
		};
		0E95BA1028227635002EF4CB /* PBXTargetDependency */ = {
			isa = PBXTargetDependency;
			target = 0E95B9ED28227634002EF4CB /* Exam */;
			targetProxy = 0E95BA0F28227635002EF4CB /* PBXContainerItemProxy */;
		};
/* End PBXTargetDependency section */

/* Begin PBXVariantGroup section */
		0E95B9FC28227635002EF4CB /* LaunchScreen.storyboard */ = {
			isa = PBXVariantGroup;
			children = (
				0E95B9FD28227635002EF4CB /* Base */,
			);
			name = LaunchScreen.storyboard;
			sourceTree = "<group>";
		};
/* End PBXVariantGroup section */

/* Begin XCBuildConfiguration section */
		0E95BA1628227635002EF4CB /* Debug */ = {
			isa = XCBuildConfiguration;
			buildSettings = {
				ALWAYS_SEARCH_USER_PATHS = NO;
				CLANG_ANALYZER_NONNULL = YES;
				CLANG_ANALYZER_NUMBER_OBJECT_CONVERSION = YES_AGGRESSIVE;
				CLANG_CXX_LANGUAGE_STANDARD = "gnu++17";
				CLANG_ENABLE_MODULES = YES;
				CLANG_ENABLE_OBJC_ARC = YES;
				CLANG_ENABLE_OBJC_WEAK = YES;
				CLANG_WARN_BLOCK_CAPTURE_AUTORELEASING = YES;
				CLANG_WARN_BOOL_CONVERSION = YES;
				CLANG_WARN_COMMA = YES;
				CLANG_WARN_CONSTANT_CONVERSION = YES;
				CLANG_WARN_DEPRECATED_OBJC_IMPLEMENTATIONS = YES;
				CLANG_WARN_DIRECT_OBJC_ISA_USAGE = YES_ERROR;
				CLANG_WARN_DOCUMENTATION_COMMENTS = YES;
				CLANG_WARN_EMPTY_BODY = YES;
				CLANG_WARN_ENUM_CONVERSION = YES;
				CLANG_WARN_INFINITE_RECURSION = YES;
				CLANG_WARN_INT_CONVERSION = YES;
				CLANG_WARN_NON_LITERAL_NULL_CONVERSION = YES;
				CLANG_WARN_OBJC_IMPLICIT_RETAIN_SELF = YES;
				CLANG_WARN_OBJC_LITERAL_CONVERSION = YES;
				CLANG_WARN_OBJC_ROOT_CLASS = YES_ERROR;
				CLANG_WARN_QUOTED_INCLUDE_IN_FRAMEWORK_HEADER = YES;
				CLANG_WARN_RANGE_LOOP_ANALYSIS = YES;
				CLANG_WARN_STRICT_PROTOTYPES = YES;
				CLANG_WARN_SUSPICIOUS_MOVE = YES;
				CLANG_WARN_UNGUARDED_AVAILABILITY = YES_AGGRESSIVE;
				CLANG_WARN_UNREACHABLE_CODE = YES;
				CLANG_WARN__DUPLICATE_METHOD_MATCH = YES;
				COPY_PHASE_STRIP = NO;
				DEBUG_INFORMATION_FORMAT = dwarf;
				ENABLE_STRICT_OBJC_MSGSEND = YES;
				ENABLE_TESTABILITY = YES;
				GCC_C_LANGUAGE_STANDARD = gnu11;
				GCC_DYNAMIC_NO_PIC = NO;
				GCC_NO_COMMON_BLOCKS = YES;
				GCC_OPTIMIZATION_LEVEL = 0;
				GCC_PREPROCESSOR_DEFINITIONS = (
					"DEBUG=1",
					"$(inherited)",
				);
				GCC_WARN_64_TO_32_BIT_CONVERSION = YES;
				GCC_WARN_ABOUT_RETURN_TYPE = YES_ERROR;
				GCC_WARN_UNDECLARED_SELECTOR = YES;
				GCC_WARN_UNINITIALIZED_AUTOS = YES_AGGRESSIVE;
				GCC_WARN_UNUSED_FUNCTION = YES;
				GCC_WARN_UNUSED_VARIABLE = YES;
				IPHONEOS_DEPLOYMENT_TARGET = 15.0;
				MTL_ENABLE_DEBUG_INFO = INCLUDE_SOURCE;
				MTL_FAST_MATH = YES;
				ONLY_ACTIVE_ARCH = YES;
				SDKROOT = iphoneos;
				SWIFT_ACTIVE_COMPILATION_CONDITIONS = DEBUG;
				SWIFT_OPTIMIZATION_LEVEL = "-Onone";
			};
			name = Debug;
		};
		0E95BA1728227635002EF4CB /* Release */ = {
			isa = XCBuildConfiguration;
			buildSettings = {
				ALWAYS_SEARCH_USER_PATHS = NO;
				CLANG_ANALYZER_NONNULL = YES;
				CLANG_ANALYZER_NUMBER_OBJECT_CONVERSION = YES_AGGRESSIVE;
				CLANG_CXX_LANGUAGE_STANDARD = "gnu++17";
				CLANG_ENABLE_MODULES = YES;
				CLANG_ENABLE_OBJC_ARC = YES;
				CLANG_ENABLE_OBJC_WEAK = YES;
				CLANG_WARN_BLOCK_CAPTURE_AUTORELEASING = YES;
				CLANG_WARN_BOOL_CONVERSION = YES;
				CLANG_WARN_COMMA = YES;
				CLANG_WARN_CONSTANT_CONVERSION = YES;
				CLANG_WARN_DEPRECATED_OBJC_IMPLEMENTATIONS = YES;
				CLANG_WARN_DIRECT_OBJC_ISA_USAGE = YES_ERROR;
				CLANG_WARN_DOCUMENTATION_COMMENTS = YES;
				CLANG_WARN_EMPTY_BODY = YES;
				CLANG_WARN_ENUM_CONVERSION = YES;
				CLANG_WARN_INFINITE_RECURSION = YES;
				CLANG_WARN_INT_CONVERSION = YES;
				CLANG_WARN_NON_LITERAL_NULL_CONVERSION = YES;
				CLANG_WARN_OBJC_IMPLICIT_RETAIN_SELF = YES;
				CLANG_WARN_OBJC_LITERAL_CONVERSION = YES;
				CLANG_WARN_OBJC_ROOT_CLASS = YES_ERROR;
				CLANG_WARN_QUOTED_INCLUDE_IN_FRAMEWORK_HEADER = YES;
				CLANG_WARN_RANGE_LOOP_ANALYSIS = YES;
				CLANG_WARN_STRICT_PROTOTYPES = YES;
				CLANG_WARN_SUSPICIOUS_MOVE = YES;
				CLANG_WARN_UNGUARDED_AVAILABILITY = YES_AGGRESSIVE;
				CLANG_WARN_UNREACHABLE_CODE = YES;
				CLANG_WARN__DUPLICATE_METHOD_MATCH = YES;
				COPY_PHASE_STRIP = NO;
				DEBUG_INFORMATION_FORMAT = "dwarf-with-dsym";
				ENABLE_NS_ASSERTIONS = NO;
				ENABLE_STRICT_OBJC_MSGSEND = YES;
				GCC_C_LANGUAGE_STANDARD = gnu11;
				GCC_NO_COMMON_BLOCKS = YES;
				GCC_WARN_64_TO_32_BIT_CONVERSION = YES;
				GCC_WARN_ABOUT_RETURN_TYPE = YES_ERROR;
				GCC_WARN_UNDECLARED_SELECTOR = YES;
				GCC_WARN_UNINITIALIZED_AUTOS = YES_AGGRESSIVE;
				GCC_WARN_UNUSED_FUNCTION = YES;
				GCC_WARN_UNUSED_VARIABLE = YES;
				IPHONEOS_DEPLOYMENT_TARGET = 15.0;
				MTL_ENABLE_DEBUG_INFO = NO;
				MTL_FAST_MATH = YES;
				SDKROOT = iphoneos;
				SWIFT_COMPILATION_MODE = wholemodule;
				SWIFT_OPTIMIZATION_LEVEL = "-O";
				VALIDATE_PRODUCT = YES;
			};
			name = Release;
		};
		0E95BA1928227635002EF4CB /* Debug */ = {
			isa = XCBuildConfiguration;
			buildSettings = {
				ASSETCATALOG_COMPILER_APPICON_NAME = AppIcon;
				ASSETCATALOG_COMPILER_GLOBAL_ACCENT_COLOR_NAME = AccentColor;
				CODE_SIGN_STYLE = Automatic;
				CURRENT_PROJECT_VERSION = 1;
				GENERATE_INFOPLIST_FILE = YES;
				INFOPLIST_FILE = Exam/Info.plist;
				INFOPLIST_KEY_UIApplicationSupportsIndirectInputEvents = YES;
				INFOPLIST_KEY_UILaunchStoryboardName = LaunchScreen;
				INFOPLIST_KEY_UISupportedInterfaceOrientations_iPad = "UIInterfaceOrientationPortrait UIInterfaceOrientationPortraitUpsideDown UIInterfaceOrientationLandscapeLeft UIInterfaceOrientationLandscapeRight";
				INFOPLIST_KEY_UISupportedInterfaceOrientations_iPhone = "UIInterfaceOrientationPortrait UIInterfaceOrientationLandscapeLeft UIInterfaceOrientationLandscapeRight";
				LD_RUNPATH_SEARCH_PATHS = (
					"$(inherited)",
					"@executable_path/Frameworks",
				);
				MARKETING_VERSION = 1.0;
				PRODUCT_BUNDLE_IDENTIFIER = carlos.Exam;
				PRODUCT_NAME = "$(TARGET_NAME)";
				SWIFT_EMIT_LOC_STRINGS = YES;
				SWIFT_VERSION = 5.0;
				TARGETED_DEVICE_FAMILY = "1,2";
			};
			name = Debug;
		};
		0E95BA1A28227635002EF4CB /* Release */ = {
			isa = XCBuildConfiguration;
			buildSettings = {
				ASSETCATALOG_COMPILER_APPICON_NAME = AppIcon;
				ASSETCATALOG_COMPILER_GLOBAL_ACCENT_COLOR_NAME = AccentColor;
				CODE_SIGN_STYLE = Automatic;
				CURRENT_PROJECT_VERSION = 1;
				GENERATE_INFOPLIST_FILE = YES;
				INFOPLIST_FILE = Exam/Info.plist;
				INFOPLIST_KEY_UIApplicationSupportsIndirectInputEvents = YES;
				INFOPLIST_KEY_UILaunchStoryboardName = LaunchScreen;
				INFOPLIST_KEY_UISupportedInterfaceOrientations_iPad = "UIInterfaceOrientationPortrait UIInterfaceOrientationPortraitUpsideDown UIInterfaceOrientationLandscapeLeft UIInterfaceOrientationLandscapeRight";
				INFOPLIST_KEY_UISupportedInterfaceOrientations_iPhone = "UIInterfaceOrientationPortrait UIInterfaceOrientationLandscapeLeft UIInterfaceOrientationLandscapeRight";
				LD_RUNPATH_SEARCH_PATHS = (
					"$(inherited)",
					"@executable_path/Frameworks",
				);
				MARKETING_VERSION = 1.0;
				PRODUCT_BUNDLE_IDENTIFIER = carlos.Exam;
				PRODUCT_NAME = "$(TARGET_NAME)";
				SWIFT_EMIT_LOC_STRINGS = YES;
				SWIFT_VERSION = 5.0;
				TARGETED_DEVICE_FAMILY = "1,2";
			};
			name = Release;
		};
		0E95BA1C28227635002EF4CB /* Debug */ = {
			isa = XCBuildConfiguration;
			buildSettings = {
				ALWAYS_EMBED_SWIFT_STANDARD_LIBRARIES = YES;
				BUNDLE_LOADER = "$(TEST_HOST)";
				CODE_SIGN_STYLE = Automatic;
				CURRENT_PROJECT_VERSION = 1;
				GENERATE_INFOPLIST_FILE = YES;
				IPHONEOS_DEPLOYMENT_TARGET = 15.0;
				MARKETING_VERSION = 1.0;
				ONLY_ACTIVE_ARCH = YES;
				PRODUCT_BUNDLE_IDENTIFIER = carlos.ExamTests;
				PRODUCT_NAME = "$(TARGET_NAME)";
				SWIFT_EMIT_LOC_STRINGS = NO;
				SWIFT_VERSION = 5.0;
				TARGETED_DEVICE_FAMILY = 1;
				TEST_HOST = "$(BUILT_PRODUCTS_DIR)/Exam.app/Exam";
			};
			name = Debug;
		};
		0E95BA1D28227635002EF4CB /* Release */ = {
			isa = XCBuildConfiguration;
			buildSettings = {
				ALWAYS_EMBED_SWIFT_STANDARD_LIBRARIES = YES;
				BUNDLE_LOADER = "$(TEST_HOST)";
				CODE_SIGN_STYLE = Automatic;
				CURRENT_PROJECT_VERSION = 1;
				GENERATE_INFOPLIST_FILE = YES;
				IPHONEOS_DEPLOYMENT_TARGET = 15.0;
				MARKETING_VERSION = 1.0;
				ONLY_ACTIVE_ARCH = NO;
				PRODUCT_BUNDLE_IDENTIFIER = carlos.ExamTests;
				PRODUCT_NAME = "$(TARGET_NAME)";
				SWIFT_EMIT_LOC_STRINGS = NO;
				SWIFT_VERSION = 5.0;
				TARGETED_DEVICE_FAMILY = 1;
				TEST_HOST = "$(BUILT_PRODUCTS_DIR)/Exam.app/Exam";
			};
			name = Release;
		};
		0E95BA1F28227635002EF4CB /* Debug */ = {
			isa = XCBuildConfiguration;
			buildSettings = {
				ALWAYS_EMBED_SWIFT_STANDARD_LIBRARIES = YES;
				CODE_SIGN_STYLE = Automatic;
				CURRENT_PROJECT_VERSION = 1;
				GENERATE_INFOPLIST_FILE = YES;
				MARKETING_VERSION = 1.0;
				PRODUCT_BUNDLE_IDENTIFIER = carlos.ExamUITests;
				PRODUCT_NAME = "$(TARGET_NAME)";
				SWIFT_EMIT_LOC_STRINGS = NO;
				SWIFT_VERSION = 5.0;
				TARGETED_DEVICE_FAMILY = "1,2";
				TEST_TARGET_NAME = Exam;
			};
			name = Debug;
		};
		0E95BA2028227635002EF4CB /* Release */ = {
			isa = XCBuildConfiguration;
			buildSettings = {
				ALWAYS_EMBED_SWIFT_STANDARD_LIBRARIES = YES;
				CODE_SIGN_STYLE = Automatic;
				CURRENT_PROJECT_VERSION = 1;
				GENERATE_INFOPLIST_FILE = YES;
				MARKETING_VERSION = 1.0;
				PRODUCT_BUNDLE_IDENTIFIER = carlos.ExamUITests;
				PRODUCT_NAME = "$(TARGET_NAME)";
				SWIFT_EMIT_LOC_STRINGS = NO;
				SWIFT_VERSION = 5.0;
				TARGETED_DEVICE_FAMILY = "1,2";
				TEST_TARGET_NAME = Exam;
			};
			name = Release;
		};
/* End XCBuildConfiguration section */

/* Begin XCConfigurationList section */
		0E95B9E928227634002EF4CB /* Build configuration list for PBXProject "Exam" */ = {
			isa = XCConfigurationList;
			buildConfigurations = (
				0E95BA1628227635002EF4CB /* Debug */,
				0E95BA1728227635002EF4CB /* Release */,
			);
			defaultConfigurationIsVisible = 0;
			defaultConfigurationName = Release;
		};
		0E95BA1828227635002EF4CB /* Build configuration list for PBXNativeTarget "Exam" */ = {
			isa = XCConfigurationList;
			buildConfigurations = (
				0E95BA1928227635002EF4CB /* Debug */,
				0E95BA1A28227635002EF4CB /* Release */,
			);
			defaultConfigurationIsVisible = 0;
			defaultConfigurationName = Release;
		};
		0E95BA1B28227635002EF4CB /* Build configuration list for PBXNativeTarget "ExamTests" */ = {
			isa = XCConfigurationList;
			buildConfigurations = (
				0E95BA1C28227635002EF4CB /* Debug */,
				0E95BA1D28227635002EF4CB /* Release */,
			);
			defaultConfigurationIsVisible = 0;
			defaultConfigurationName = Release;
		};
		0E95BA1E28227635002EF4CB /* Build configuration list for PBXNativeTarget "ExamUITests" */ = {
			isa = XCConfigurationList;
			buildConfigurations = (
				0E95BA1F28227635002EF4CB /* Debug */,
				0E95BA2028227635002EF4CB /* Release */,
			);
			defaultConfigurationIsVisible = 0;
			defaultConfigurationName = Release;
		};
/* End XCConfigurationList section */
	};
	rootObject = 0E95B9E628227634002EF4CB /* Project object */;
}
