// !$*UTF8*$!
{
	archiveVersion = 1;
	classes = {
	};
	objectVersion = 55;
	objects = {

/* Begin PBXBuildFile section */
		0E95B9F228227634002EF4CB /* AppDelegate.swift in Sources */ = {isa = PBXBuildFile; fileRef = 0E95B9F128227634002EF4CB /* AppDelegate.swift */; };
		0E95B9F428227634002EF4CB /* SceneDelegate.swift in Sources */ = {isa = PBXBuildFile; fileRef = 0E95B9F328227634002EF4CB /* SceneDelegate.swift */; };
		0E95B9F628227634002EF4CB /* ViewController.swift in Sources */ = {isa = PBXBuildFile; fileRef = 0E95B9F528227634002EF4CB /* ViewController.swift */; };
		0E95B9FB28227635002EF4CB /* Assets.xcassets in Resources */ = {isa = PBXBuildFile; fileRef = 0E95B9FA28227635002EF4CB /* Assets.xcassets */; };
		0E95B9FE28227635002EF4CB /* LaunchScreen.storyboard in Resources */ = {isa = PBXBuildFile; fileRef = 0E95B9FC28227635002EF4CB /* LaunchScreen.storyboard */; };
		0E95BA0928227635002EF4CB /* ExamTests.swift in Sources */ = {isa = PBXBuildFile; fileRef = 0E95BA0828227635002EF4CB /* ExamTests.swift */; };
		0E95BA1328227635002EF4CB /* ExamUITests.swift in Sources */ = {isa = PBXBuildFile; fileRef = 0E95BA1228227635002EF4CB /* ExamUITests.swift */; };
		0E95BA1528227635002EF4CB /* ExamUITestsLaunchTests.swift in Sources */ = {isa = PBXBuildFile; fileRef = 0E95BA1428227635002EF4CB /* ExamUITestsLaunchTests.swift */; };
		0E95BA2228229841002EF4CB /* MovieResponse.swift in Sources */ = {isa = PBXBuildFile; fileRef = 0E95BA2128229841002EF4CB /* MovieResponse.swift */; };
		0E95BA2428229888002EF4CB /* Movie.swift in Sources */ = {isa = PBXBuildFile; fileRef = 0E95BA2328229888002EF4CB /* Movie.swift */; };
/* End PBXBuildFile section */

/* Begin PBXContainerItemProxy section */
		0E95BA0528227635002EF4CB /* PBXContainerItemProxy */ = {
			isa = PBXContainerItemProxy;
			containerPortal = 0E95B9E628227634002EF4CB /* Project object */;
			proxyType = 1;
			remoteGlobalIDString = 0E95B9ED28227634002EF4CB;
			remoteInfo = Exam;
		};
		0E95BA0F28227635002EF4CB /* PBXContainerItemProxy */ = {
			isa = PBXContainerItemProxy;
			containerPortal = 0E95B9E628227634002EF4CB /* Project object */;
			proxyType = 1;
			remoteGlobalIDString = 0E95B9ED28227634002EF4CB;
			remoteInfo = Exam;
		};
/* End PBXContainerItemProxy section */

/* Begin PBXFileReference section */
		0E95B9EE28227634002EF4CB /* Exam.app */ = {isa = PBXFileReference; explicitFileType = wrapper.application; includeInIndex = 0; path = Exam.app; sourceTree = BUILT_PRODUCTS_DIR; };
		0E95B9F128227634002EF4CB /* AppDelegate.swift */ = {isa = PBXFileReference; lastKnownFileType = sourcecode.swift; path = AppDelegate.swift; sourceTree = "<group>"; };
		0E95B9F328227634002EF4CB /* SceneDelegate.swift */ = {isa = PBXFileReference; lastKnownFileType = sourcecode.swift; path = SceneDelegate.swift; sourceTree = "<group>"; };
		0E95B9F528227634002EF4CB /* ViewController.swift */ = {isa = PBXFileReference; lastKnownFileType = sourcecode.swift; path = ViewController.swift; sourceTree = "<group>"; };
		0E95B9FA28227635002EF4CB /* Assets.xcassets */ = {isa = PBXFileReference; lastKnownFileType = folder.assetcatalog; path = Assets.xcassets; sourceTree = "<group>"; };
		0E95B9FD28227635002EF4CB /* Base */ = {isa = PBXFileReference; lastKnownFileType = file.storyboard; name = Base; path = Base.lproj/LaunchScreen.storyboard; sourceTree = "<group>"; };
		0E95B9FF28227635002EF4CB /* Info.plist */ = {isa = PBXFileReference; lastKnownFileType = text.plist.xml; path = Info.plist; sourceTree = "<group>"; };
		0E95BA0428227635002EF4CB /* ExamTests.xctest */ = {isa = PBXFileReference; explicitFileType = wrapper.cfbundle; includeInIndex = 0; path = ExamTests.xctest; sourceTree = BUILT_PRODUCTS_DIR; };
		0E95BA0828227635002EF4CB /* ExamTests.swift */ = {isa = PBXFileReference; lastKnownFileType = sourcecode.swift; path = ExamTests.swift; sourceTree = "<group>"; };
		0E95BA0E28227635002EF4CB /* ExamUITests.xctest */ = {isa = PBXFileReference; explicitFileType = wrapper.cfbundle; includeInIndex = 0; path = ExamUITests.xctest; sourceTree = BUILT_PRODUCTS_DIR; };
		0E95BA1228227635002EF4CB /* ExamUITests.swift */ = {isa = PBXFileReference; lastKnownFileType = sourcecode.swift; path = ExamUITests.swift; sourceTree = "<group>"; };
		0E95BA1428227635002EF4CB /* ExamUITestsLaunchTests.swift */ = {isa = PBXFileReference; lastKnownFileType = sourcecode.swift; path = ExamUITestsLaunchTests.swift; sourceTree = "<group>"; };
		0E95BA2128229841002EF4CB /* MovieResponse.swift */ = {isa = PBXFileReference; lastKnownFileType = sourcecode.swift; path = MovieResponse.swift; sourceTree = "<group>"; };
		0E95BA2328229888002EF4CB /* Movie.swift */ = {isa = PBXFileReference; lastKnownFileType = sourcecode.swift; path = Movie.swift; sourceTree = "<group>"; };
/* End PBXFileReference section */

/* Begin PBXFrameworksBuildPhase section */
		0E95B9EB28227634002EF4CB /* Frameworks */ = {
			isa = PBXFrameworksBuildPhase;
			buildActionMask = 2147483647;
			files = (
			);
			runOnlyForDeploymentPostprocessing = 0;
		};
		0E95BA0128227635002EF4CB /* Frameworks */ = {
			isa = PBXFrameworksBuildPhase;
			buildActionMask = 2147483647;
			files = (
			);
			runOnlyForDeploymentPostprocessing = 0;
		};
		0E95BA0B28227635002EF4CB /* Frameworks */ = {
			isa = PBXFrameworksBuildPhase;
			buildActionMask = 2147483647;
			files = (
			);
			runOnlyForDeploymentPostprocessing = 0;
		};
/* End PBXFrameworksBuildPhase section */

/* Begin PBXGroup section */
		0E95B9E528227634002EF4CB = {
			isa = PBXGroup;
			children = (
				0E95B9F028227634002EF4CB /* Exam */,
				0E95BA0728227635002EF4CB /* ExamTests */,
				0E95BA1128227635002EF4CB /* ExamUITests */,
				0E95B9EF28227634002EF4CB /* Products */,
			);
			sourceTree = "<group>";
		};
		0E95B9EF28227634002EF4CB /* Products */ = {
			isa = PBXGroup;
			children = (
				0E95B9EE28227634002EF4CB /* Exam.app */,
				0E95BA0428227635002EF4CB /* ExamTests.xctest */,
				0E95BA0E28227635002EF4CB /* ExamUITests.xctest */,
			);
			name = Products;
			sourceTree = "<group>";
		};
		0E95B9F028227634002EF4CB /* Exam */ = {
			isa = PBXGroup;
			children = (
				0E95B9F128227634002EF4CB /* AppDelegate.swift */,
				0E95B9F328227634002EF4CB /* SceneDelegate.swift */,
				0E95B9F528227634002EF4CB /* ViewController.swift */,
				0E95BA2528229994002EF4CB /* Models */,
				0E95B9FA28227635002EF4CB /* Assets.xcassets */,
				0E95B9FC28227635002EF4CB /* LaunchScreen.storyboard */,
				0E95B9FF28227635002EF4CB /* Info.plist */,
			);
			path = Exam;
			sourceTree = "<group>";
		};
		0E95BA0728227635002EF4CB /* ExamTests */ = {
			isa = PBXGroup;
			children = (
				0E95BA0828227635002EF4CB /* ExamTests.swift */,
			);
			path = ExamTests;
			sourceTree = "<group>";
		};
		0E95BA1128227635002EF4CB /* ExamUITests */ = {
			isa = PBXGroup;
			children = (
				0E95BA1228227635002EF4CB /* ExamUITests.swift */,
				0E95BA1428227635002EF4CB /* ExamUITestsLaunchTests.swift */,
			);
			path = ExamUITests;
			sourceTree = "<group>";
		};
		0E95BA2528229994002EF4CB /* Models */ = {
			isa = PBXGroup;
			children = (
				0E95BA2128229841002EF4CB /* MovieResponse.swift */,
				0E95BA2328229888002EF4CB /* Movie.swift */,
			);
			path = Models;
			sourceTree = "<group>";
		};
/* End PBXGroup section */

/* Begin PBXNativeTarget section */
		0E95B9ED28227634002EF4CB /* Exam */ = {
			isa = PBXNativeTarget;
			buildConfigurationList = 0E95BA1828227635002EF4CB /* Build configuration list for PBXNativeTarget "Exam" */;
			buildPhases = (
				0E95B9EA28227634002EF4CB /* Sources */,
				0E95B9EB28227634002EF4CB /* Frameworks */,
				0E95B9EC28227634002EF4CB /* Resources */,
			);
			buildRules = (
			);
			dependencies = (
			);
			name = Exam;
			productName = Exam;
			productReference = 0E95B9EE28227634002EF4CB /* Exam.app */;
			productType = "com.apple.product-type.application";
		};
		0E95BA0328227635002EF4CB /* ExamTests */ = {
			isa = PBXNativeTarget;
			buildConfigurationList = 0E95BA1B28227635002EF4CB /* Build configuration list for PBXNativeTarget "ExamTests" */;
			buildPhases = (
				0E95BA0028227635002EF4CB /* Sources */,
				0E95BA0128227635002EF4CB /* Frameworks */,
				0E95BA0228227635002EF4CB /* Resources */,
			);
			buildRules = (
			);
			dependencies = (
				0E95BA0628227635002EF4CB /* PBXTargetDependency */,
			);
			name = ExamTests;
			productName = ExamTests;
			productReference = 0E95BA0428227635002EF4CB /* ExamTests.xctest */;
			productType = "com.apple.product-type.bundle.unit-test";
		};
		0E95BA0D28227635002EF4CB /* ExamUITests */ = {
			isa = PBXNativeTarget;
			buildConfigurationList = 0E95BA1E28227635002EF4CB /* Build configuration list for PBXNativeTarget "ExamUITests" */;
			buildPhases = (
				0E95BA0A28227635002EF4CB /* Sources */,
				0E95BA0B28227635002EF4CB /* Frameworks */,
				0E95BA0C28227635002EF4CB /* Resources */,
			);
			buildRules = (
			);
			dependencies = (
				0E95BA1028227635002EF4CB /* PBXTargetDependency */,
			);
			name = ExamUITests;
			productName = ExamUITests;
			productReference = 0E95BA0E28227635002EF4CB /* ExamUITests.xctest */;
			productType = "com.apple.product-type.bundle.ui-testing";
		};
/* End PBXNativeTarget section */

/* Begin PBXProject section */
		0E95B9E628227634002EF4CB /* Project object */ = {
			isa = PBXProject;
			attributes = {
				BuildIndependentTargetsInParallel = 1;
				LastSwiftUpdateCheck = 1330;
				LastUpgradeCheck = 1330;
				TargetAttributes = {
					0E95B9ED28227634002EF4CB = {
						CreatedOnToolsVersion = 13.3;
					};
					0E95BA0328227635002EF4CB = {
						CreatedOnToolsVersion = 13.3;
						TestTargetID = 0E95B9ED28227634002EF4CB;
					};
					0E95BA0D28227635002EF4CB = {
						CreatedOnToolsVersion = 13.3;
						TestTargetID = 0E95B9ED28227634002EF4CB;
					};
				};
			};
			buildConfigurationList = 0E95B9E928227634002EF4CB /* Build configuration list for PBXProject "Exam" */;
			compatibilityVersion = "Xcode 13.0";
			developmentRegion = en;
			hasScannedForEncodings = 0;
			knownRegions = (
				en,
				Base,
			);
			mainGroup = 0E95B9E528227634002EF4CB;
			productRefGroup = 0E95B9EF28227634002EF4CB /* Products */;
			projectDirPath = "";
			projectRoot = "";
			targets = (
				0E95B9ED28227634002EF4CB /* Exam */,
				0E95BA0328227635002EF4CB /* ExamTests */,
				0E95BA0D28227635002EF4CB /* ExamUITests */,
			);
		};
/* End PBXProject section */

/* Begin PBXResourcesBuildPhase section */
		0E95B9EC28227634002EF4CB /* Resources */ = {
			isa = PBXResourcesBuildPhase;
			buildActionMask = 2147483647;
			files = (
				0E95B9FE28227635002EF4CB /* LaunchScreen.storyboard in Resources */,
				0E95B9FB28227635002EF4CB /* Assets.xcassets in Resources */,
			);
			runOnlyForDeploymentPostprocessing = 0;
		};
		0E95BA0228227635002EF4CB /* Resources */ = {
			isa = PBXResourcesBuildPhase;
			buildActionMask = 2147483647;
			files = (
			);
			runOnlyForDeploymentPostprocessing = 0;
		};
		0E95BA0C28227635002EF4CB /* Resources */ = {
			isa = PBXResourcesBuildPhase;
			buildActionMask = 2147483647;
			files = (
			);
			runOnlyForDeploymentPostprocessing = 0;
		};
/* End PBXResourcesBuildPhase section */

/* Begin PBXSourcesBuildPhase section */
		0E95B9EA28227634002EF4CB /* Sources */ = {
			isa = PBXSourcesBuildPhase;
			buildActionMask = 2147483647;
			files = (
				0E95B9F628227634002EF4CB /* ViewController.swift in Sources */,
				0E95BA2228229841002EF4CB /* MovieResponse.swift in Sources */,
				0E95B9F228227634002EF4CB /* AppDelegate.swift in Sources */,
				0E95B9F428227634002EF4CB /* SceneDelegate.swift in Sources */,
				0E95BA2428229888002EF4CB /* Movie.swift in Sources */,
			);
			runOnlyForDeploymentPostprocessing = 0;
		};
		0E95BA0028227635002EF4CB /* Sources */ = {
			isa = PBXSourcesBuildPhase;
			buildActionMask = 2147483647;
			files = (
				0E95BA0928227635002EF4CB /* ExamTests.swift in Sources */,
			);
			runOnlyForDeploymentPostprocessing = 0;
		};
		0E95BA0A28227635002EF4CB /* Sources */ = {
			isa = PBXSourcesBuildPhase;
			buildActionMask = 2147483647;
			files = (
				0E95BA1328227635002EF4CB /* ExamUITests.swift in Sources */,
				0E95BA1528227635002EF4CB /* ExamUITestsLaunchTests.swift in Sources */,
			);
			runOnlyForDeploymentPostprocessing = 0;
		};
/* End PBXSourcesBuildPhase section */

/* Begin PBXTargetDependency section */
		0E95BA0628227635002EF4CB /* PBXTargetDependency */ = {
			isa = PBXTargetDependency;
			target = 0E95B9ED28227634002EF4CB /* Exam */;
			targetProxy = 0E95BA0528227635002EF4CB /* PBXContainerItemProxy */;
		};
		0E95BA1028227635002EF4CB /* PBXTargetDependency */ = {
			isa = PBXTargetDependency;
			target = 0E95B9ED28227634002EF4CB /* Exam */;
			targetProxy = 0E95BA0F28227635002EF4CB /* PBXContainerItemProxy */;
		};
/* End PBXTargetDependency section */

/* Begin PBXVariantGroup section */
		0E95B9FC28227635002EF4CB /* LaunchScreen.storyboard */ = {
			isa = PBXVariantGroup;
			children = (
				0E95B9FD28227635002EF4CB /* Base */,
			);
			name = LaunchScreen.storyboard;
			sourceTree = "<group>";
		};
/* End PBXVariantGroup section */

/* Begin XCBuildConfiguration section */
		0E95BA1628227635002EF4CB /* Debug */ = {
			isa = XCBuildConfiguration;
			buildSettings = {
				ALWAYS_SEARCH_USER_PATHS = NO;
				CLANG_ANALYZER_NONNULL = YES;
				CLANG_ANALYZER_NUMBER_OBJECT_CONVERSION = YES_AGGRESSIVE;
				CLANG_CXX_LANGUAGE_STANDARD = "gnu++17";
				CLANG_ENABLE_MODULES = YES;
				CLANG_ENABLE_OBJC_ARC = YES;
				CLANG_ENABLE_OBJC_WEAK = YES;
				CLANG_WARN_BLOCK_CAPTURE_AUTORELEASING = YES;
				CLANG_WARN_BOOL_CONVERSION = YES;
				CLANG_WARN_COMMA = YES;
				CLANG_WARN_CONSTANT_CONVERSION = YES;
				CLANG_WARN_DEPRECATED_OBJC_IMPLEMENTATIONS = YES;
				CLANG_WARN_DIRECT_OBJC_ISA_USAGE = YES_ERROR;
				CLANG_WARN_DOCUMENTATION_COMMENTS = YES;
				CLANG_WARN_EMPTY_BODY = YES;
				CLANG_WARN_ENUM_CONVERSION = YES;
				CLANG_WARN_INFINITE_RECURSION = YES;
				CLANG_WARN_INT_CONVERSION = YES;
				CLANG_WARN_NON_LITERAL_NULL_CONVERSION = YES;
				CLANG_WARN_OBJC_IMPLICIT_RETAIN_SELF = YES;
				CLANG_WARN_OBJC_LITERAL_CONVERSION = YES;
				CLANG_WARN_OBJC_ROOT_CLASS = YES_ERROR;
				CLANG_WARN_QUOTED_INCLUDE_IN_FRAMEWORK_HEADER = YES;
				CLANG_WARN_RANGE_LOOP_ANALYSIS = YES;
				CLANG_WARN_STRICT_PROTOTYPES = YES;
				CLANG_WARN_SUSPICIOUS_MOVE = YES;
				CLANG_WARN_UNGUARDED_AVAILABILITY = YES_AGGRESSIVE;
				CLANG_WARN_UNREACHABLE_CODE = YES;
				CLANG_WARN__DUPLICATE_METHOD_MATCH = YES;
				COPY_PHASE_STRIP = NO;
				DEBUG_INFORMATION_FORMAT = dwarf;
				ENABLE_STRICT_OBJC_MSGSEND = YES;
				ENABLE_TESTABILITY = YES;
				GCC_C_LANGUAGE_STANDARD = gnu11;
				GCC_DYNAMIC_NO_PIC = NO;
				GCC_NO_COMMON_BLOCKS = YES;
				GCC_OPTIMIZATION_LEVEL = 0;
				GCC_PREPROCESSOR_DEFINITIONS = (
					"DEBUG=1",
					"$(inherited)",
				);
				GCC_WARN_64_TO_32_BIT_CONVERSION = YES;
				GCC_WARN_ABOUT_RETURN_TYPE = YES_ERROR;
				GCC_WARN_UNDECLARED_SELECTOR = YES;
				GCC_WARN_UNINITIALIZED_AUTOS = YES_AGGRESSIVE;
				GCC_WARN_UNUSED_FUNCTION = YES;
				GCC_WARN_UNUSED_VARIABLE = YES;
				IPHONEOS_DEPLOYMENT_TARGET = 15.4;
				MTL_ENABLE_DEBUG_INFO = INCLUDE_SOURCE;
				MTL_FAST_MATH = YES;
				ONLY_ACTIVE_ARCH = YES;
				SDKROOT = iphoneos;
				SWIFT_ACTIVE_COMPILATION_CONDITIONS = DEBUG;
				SWIFT_OPTIMIZATION_LEVEL = "-Onone";
			};
			name = Debug;
		};
		0E95BA1728227635002EF4CB /* Release */ = {
			isa = XCBuildConfiguration;
			buildSettings = {
				ALWAYS_SEARCH_USER_PATHS = NO;
				CLANG_ANALYZER_NONNULL = YES;
				CLANG_ANALYZER_NUMBER_OBJECT_CONVERSION = YES_AGGRESSIVE;
				CLANG_CXX_LANGUAGE_STANDARD = "gnu++17";
				CLANG_ENABLE_MODULES = YES;
				CLANG_ENABLE_OBJC_ARC = YES;
				CLANG_ENABLE_OBJC_WEAK = YES;
				CLANG_WARN_BLOCK_CAPTURE_AUTORELEASING = YES;
				CLANG_WARN_BOOL_CONVERSION = YES;
				CLANG_WARN_COMMA = YES;
				CLANG_WARN_CONSTANT_CONVERSION = YES;
				CLANG_WARN_DEPRECATED_OBJC_IMPLEMENTATIONS = YES;
				CLANG_WARN_DIRECT_OBJC_ISA_USAGE = YES_ERROR;
				CLANG_WARN_DOCUMENTATION_COMMENTS = YES;
				CLANG_WARN_EMPTY_BODY = YES;
				CLANG_WARN_ENUM_CONVERSION = YES;
				CLANG_WARN_INFINITE_RECURSION = YES;
				CLANG_WARN_INT_CONVERSION = YES;
				CLANG_WARN_NON_LITERAL_NULL_CONVERSION = YES;
				CLANG_WARN_OBJC_IMPLICIT_RETAIN_SELF = YES;
				CLANG_WARN_OBJC_LITERAL_CONVERSION = YES;
				CLANG_WARN_OBJC_ROOT_CLASS = YES_ERROR;
				CLANG_WARN_QUOTED_INCLUDE_IN_FRAMEWORK_HEADER = YES;
				CLANG_WARN_RANGE_LOOP_ANALYSIS = YES;
				CLANG_WARN_STRICT_PROTOTYPES = YES;
				CLANG_WARN_SUSPICIOUS_MOVE = YES;
				CLANG_WARN_UNGUARDED_AVAILABILITY = YES_AGGRESSIVE;
				CLANG_WARN_UNREACHABLE_CODE = YES;
				CLANG_WARN__DUPLICATE_METHOD_MATCH = YES;
				COPY_PHASE_STRIP = NO;
				DEBUG_INFORMATION_FORMAT = "dwarf-with-dsym";
				ENABLE_NS_ASSERTIONS = NO;
				ENABLE_STRICT_OBJC_MSGSEND = YES;
				GCC_C_LANGUAGE_STANDARD = gnu11;
				GCC_NO_COMMON_BLOCKS = YES;
				GCC_WARN_64_TO_32_BIT_CONVERSION = YES;
				GCC_WARN_ABOUT_RETURN_TYPE = YES_ERROR;
				GCC_WARN_UNDECLARED_SELECTOR = YES;
				GCC_WARN_UNINITIALIZED_AUTOS = YES_AGGRESSIVE;
				GCC_WARN_UNUSED_FUNCTION = YES;
				GCC_WARN_UNUSED_VARIABLE = YES;
				IPHONEOS_DEPLOYMENT_TARGET = 15.4;
				MTL_ENABLE_DEBUG_INFO = NO;
				MTL_FAST_MATH = YES;
				SDKROOT = iphoneos;
				SWIFT_COMPILATION_MODE = wholemodule;
				SWIFT_OPTIMIZATION_LEVEL = "-O";
				VALIDATE_PRODUCT = YES;
			};
			name = Release;
		};
		0E95BA1928227635002EF4CB /* Debug */ = {
			isa = XCBuildConfiguration;
			buildSettings = {
				ASSETCATALOG_COMPILER_APPICON_NAME = AppIcon;
				ASSETCATALOG_COMPILER_GLOBAL_ACCENT_COLOR_NAME = AccentColor;
				CODE_SIGN_STYLE = Automatic;
				CURRENT_PROJECT_VERSION = 1;
				GENERATE_INFOPLIST_FILE = YES;
				INFOPLIST_FILE = Exam/Info.plist;
				INFOPLIST_KEY_UIApplicationSupportsIndirectInputEvents = YES;
				INFOPLIST_KEY_UILaunchStoryboardName = LaunchScreen;
				INFOPLIST_KEY_UISupportedInterfaceOrientations_iPad = "UIInterfaceOrientationPortrait UIInterfaceOrientationPortraitUpsideDown UIInterfaceOrientationLandscapeLeft UIInterfaceOrientationLandscapeRight";
				INFOPLIST_KEY_UISupportedInterfaceOrientations_iPhone = "UIInterfaceOrientationPortrait UIInterfaceOrientationLandscapeLeft UIInterfaceOrientationLandscapeRight";
				LD_RUNPATH_SEARCH_PATHS = (
					"$(inherited)",
					"@executable_path/Frameworks",
				);
				MARKETING_VERSION = 1.0;
				PRODUCT_BUNDLE_IDENTIFIER = carlos.Exam;
				PRODUCT_NAME = "$(TARGET_NAME)";
				SWIFT_EMIT_LOC_STRINGS = YES;
				SWIFT_VERSION = 5.0;
				TARGETED_DEVICE_FAMILY = "1,2";
			};
			name = Debug;
		};
		0E95BA1A28227635002EF4CB /* Release */ = {
			isa = XCBuildConfiguration;
			buildSettings = {
				ASSETCATALOG_COMPILER_APPICON_NAME = AppIcon;
				ASSETCATALOG_COMPILER_GLOBAL_ACCENT_COLOR_NAME = AccentColor;
				CODE_SIGN_STYLE = Automatic;
				CURRENT_PROJECT_VERSION = 1;
				GENERATE_INFOPLIST_FILE = YES;
				INFOPLIST_FILE = Exam/Info.plist;
				INFOPLIST_KEY_UIApplicationSupportsIndirectInputEvents = YES;
				INFOPLIST_KEY_UILaunchStoryboardName = LaunchScreen;
				INFOPLIST_KEY_UISupportedInterfaceOrientations_iPad = "UIInterfaceOrientationPortrait UIInterfaceOrientationPortraitUpsideDown UIInterfaceOrientationLandscapeLeft UIInterfaceOrientationLandscapeRight";
				INFOPLIST_KEY_UISupportedInterfaceOrientations_iPhone = "UIInterfaceOrientationPortrait UIInterfaceOrientationLandscapeLeft UIInterfaceOrientationLandscapeRight";
				LD_RUNPATH_SEARCH_PATHS = (
					"$(inherited)",
					"@executable_path/Frameworks",
				);
				MARKETING_VERSION = 1.0;
				PRODUCT_BUNDLE_IDENTIFIER = carlos.Exam;
				PRODUCT_NAME = "$(TARGET_NAME)";
				SWIFT_EMIT_LOC_STRINGS = YES;
				SWIFT_VERSION = 5.0;
				TARGETED_DEVICE_FAMILY = "1,2";
			};
			name = Release;
		};
		0E95BA1C28227635002EF4CB /* Debug */ = {
			isa = XCBuildConfiguration;
			buildSettings = {
				ALWAYS_EMBED_SWIFT_STANDARD_LIBRARIES = YES;
				BUNDLE_LOADER = "$(TEST_HOST)";
				CODE_SIGN_STYLE = Automatic;
				CURRENT_PROJECT_VERSION = 1;
				GENERATE_INFOPLIST_FILE = YES;
				IPHONEOS_DEPLOYMENT_TARGET = 15.4;
				MARKETING_VERSION = 1.0;
				PRODUCT_BUNDLE_IDENTIFIER = carlos.ExamTests;
				PRODUCT_NAME = "$(TARGET_NAME)";
				SWIFT_EMIT_LOC_STRINGS = NO;
				SWIFT_VERSION = 5.0;
				TARGETED_DEVICE_FAMILY = "1,2";
				TEST_HOST = "$(BUILT_PRODUCTS_DIR)/Exam.app/Exam";
			};
			name = Debug;
		};
		0E95BA1D28227635002EF4CB /* Release */ = {
			isa = XCBuildConfiguration;
			buildSettings = {
				ALWAYS_EMBED_SWIFT_STANDARD_LIBRARIES = YES;
				BUNDLE_LOADER = "$(TEST_HOST)";
				CODE_SIGN_STYLE = Automatic;
				CURRENT_PROJECT_VERSION = 1;
				GENERATE_INFOPLIST_FILE = YES;
				IPHONEOS_DEPLOYMENT_TARGET = 15.4;
				MARKETING_VERSION = 1.0;
				PRODUCT_BUNDLE_IDENTIFIER = carlos.ExamTests;
				PRODUCT_NAME = "$(TARGET_NAME)";
				SWIFT_EMIT_LOC_STRINGS = NO;
				SWIFT_VERSION = 5.0;
				TARGETED_DEVICE_FAMILY = "1,2";
				TEST_HOST = "$(BUILT_PRODUCTS_DIR)/Exam.app/Exam";
			};
			name = Release;
		};
		0E95BA1F28227635002EF4CB /* Debug */ = {
			isa = XCBuildConfiguration;
			buildSettings = {
				ALWAYS_EMBED_SWIFT_STANDARD_LIBRARIES = YES;
				CODE_SIGN_STYLE = Automatic;
				CURRENT_PROJECT_VERSION = 1;
				GENERATE_INFOPLIST_FILE = YES;
				MARKETING_VERSION = 1.0;
				PRODUCT_BUNDLE_IDENTIFIER = carlos.ExamUITests;
				PRODUCT_NAME = "$(TARGET_NAME)";
				SWIFT_EMIT_LOC_STRINGS = NO;
				SWIFT_VERSION = 5.0;
				TARGETED_DEVICE_FAMILY = "1,2";
				TEST_TARGET_NAME = Exam;
			};
			name = Debug;
		};
		0E95BA2028227635002EF4CB /* Release */ = {
			isa = XCBuildConfiguration;
			buildSettings = {
				ALWAYS_EMBED_SWIFT_STANDARD_LIBRARIES = YES;
				CODE_SIGN_STYLE = Automatic;
				CURRENT_PROJECT_VERSION = 1;
				GENERATE_INFOPLIST_FILE = YES;
				MARKETING_VERSION = 1.0;
				PRODUCT_BUNDLE_IDENTIFIER = carlos.ExamUITests;
				PRODUCT_NAME = "$(TARGET_NAME)";
				SWIFT_EMIT_LOC_STRINGS = NO;
				SWIFT_VERSION = 5.0;
				TARGETED_DEVICE_FAMILY = "1,2";
				TEST_TARGET_NAME = Exam;
			};
			name = Release;
		};
/* End XCBuildConfiguration section */

/* Begin XCConfigurationList section */
		0E95B9E928227634002EF4CB /* Build configuration list for PBXProject "Exam" */ = {
			isa = XCConfigurationList;
			buildConfigurations = (
				0E95BA1628227635002EF4CB /* Debug */,
				0E95BA1728227635002EF4CB /* Release */,
			);
			defaultConfigurationIsVisible = 0;
			defaultConfigurationName = Release;
		};
		0E95BA1828227635002EF4CB /* Build configuration list for PBXNativeTarget "Exam" */ = {
			isa = XCConfigurationList;
			buildConfigurations = (
				0E95BA1928227635002EF4CB /* Debug */,
				0E95BA1A28227635002EF4CB /* Release */,
			);
			defaultConfigurationIsVisible = 0;
			defaultConfigurationName = Release;
		};
		0E95BA1B28227635002EF4CB /* Build configuration list for PBXNativeTarget "ExamTests" */ = {
			isa = XCConfigurationList;
			buildConfigurations = (
				0E95BA1C28227635002EF4CB /* Debug */,
				0E95BA1D28227635002EF4CB /* Release */,
			);
			defaultConfigurationIsVisible = 0;
			defaultConfigurationName = Release;
		};
		0E95BA1E28227635002EF4CB /* Build configuration list for PBXNativeTarget "ExamUITests" */ = {
			isa = XCConfigurationList;
			buildConfigurations = (
				0E95BA1F28227635002EF4CB /* Debug */,
				0E95BA2028227635002EF4CB /* Release */,
			);
			defaultConfigurationIsVisible = 0;
			defaultConfigurationName = Release;
		};
/* End XCConfigurationList section */
	};
	rootObject = 0E95B9E628227634002EF4CB /* Project object */;
}
